
Microsoft Visual Studio Solution File, Format Version 12.00
# Visual Studio Version 16
VisualStudioVersion = 16.0.32002.261
MinimumVisualStudioVersion = 10.0.40219.1
Project("{FAE04EC0-301F-11D3-BF4B-00C04F79EFBC}") = "LessonOne", "LessonOne\LessonOne.csproj", "{A17ECBD0-8427-4D1D-AAF2-00031AE09718}"
EndProject
Project("{FAE04EC0-301F-11D3-BF4B-00C04F79EFBC}") = "LessonOne.Tests", "LessonOne.Tests\LessonOne.Tests.csproj", "{CDF647E9-4AC0-4B8C-9CDD-C077C1F4F3CC}"
EndProject
Global
	GlobalSection(SolutionConfigurationPlatforms) = preSolution
		Debug|Any CPU = Debug|Any CPU
		Release|Any CPU = Release|Any CPU
	EndGlobalSection
	GlobalSection(ProjectConfigurationPlatforms) = postSolution
		{A17ECBD0-8427-4D1D-AAF2-00031AE09718}.Debug|Any CPU.ActiveCfg = Debug|Any CPU
		{A17ECBD0-8427-4D1D-AAF2-00031AE09718}.Debug|Any CPU.Build.0 = Debug|Any CPU
		{A17ECBD0-8427-4D1D-AAF2-00031AE09718}.Release|Any CPU.ActiveCfg = Release|Any CPU
		{A17ECBD0-8427-4D1D-AAF2-00031AE09718}.Release|Any CPU.Build.0 = Release|Any CPU
		{CDF647E9-4AC0-4B8C-9CDD-C077C1F4F3CC}.Debug|Any CPU.ActiveCfg = Debug|Any CPU
		{CDF647E9-4AC0-4B8C-9CDD-C077C1F4F3CC}.Debug|Any CPU.Build.0 = Debug|Any CPU
		{CDF647E9-4AC0-4B8C-9CDD-C077C1F4F3CC}.Release|Any CPU.ActiveCfg = Release|Any CPU
		{CDF647E9-4AC0-4B8C-9CDD-C077C1F4F3CC}.Release|Any CPU.Build.0 = Release|Any CPU
	EndGlobalSection
	GlobalSection(SolutionProperties) = preSolution
		HideSolutionNode = FALSE
	EndGlobalSection
	GlobalSection(ExtensibilityGlobals) = postSolution
		SolutionGuid = {866BBF73-CBFE-491C-94E3-6FE65E23863A}
	EndGlobalSection
EndGlobal
